PODS:
  - iDroidLayout (0.0.1):
    - TBXML (~> 1.5)
  - TBXML (1.5)

DEPENDENCIES:
  - iDroidLayout (from `iDroidLayout.podspec`)
  - TBXML (~> 1.5)

EXTERNAL SOURCES:
  iDroidLayout:
    :path: iDroidLayout.podspec

SPEC CHECKSUMS:
  iDroidLayout: 9e6178bf71c3b819aff0a39b6052e3c105ef0355
  TBXML: 9f9dadb239f2f2af1dadb87fe43a0ce6e479379a

COCOAPODS: 0.39.0
