<?xml version="1.0" encoding="UTF-8"?>
<Scheme
   version = "1.3">
   <BuildAction>
      <BuildActionEntries>
         <BuildActionEntry
            buildForRunning = "YES">
            <BuildableReference
               BuildableIdentifier = "primary"
               BuildableName = "iDroidLayoutExample.app"
               BlueprintName = "iDroidLayoutExample"
               ReferencedContainer = "container:iDroidLayout.xcodeproj"
               BlueprintIdentifier = "79642C161603C4E80095D5A2">
            </BuildableReference>
         </BuildActionEntry>
      </BuildActionEntries>
   </BuildAction>
   <LaunchAction
      useCustomWorkingDirectory = "NO"
      buildConfiguration = "Debug">
      <BuildableProductRunnable>
         <BuildableReference
            BuildableIdentifier = "primary"
            BlueprintIdentifier = "79642C161603C4E80095D5A2"
            BuildableName = "iDroidLayoutExample.app"
            BlueprintName = "iDroidLayoutExample"
            ReferencedContainer = "container:iDroidLayout.xcodeproj">
         </BuildableReference>
      </BuildableProductRunnable>
   </LaunchAction>
</Scheme>
